{
  "name": "cypress-project",
  "version": "1.0.0",
  "lockfileVersion": 1,
  "requires": true,
  "dependencies": {
    "caniuse-lite": {
      "version": "1.0.30001488",
      "resolved": "https://registry.npmjs.org/caniuse-lite/-/caniuse-lite-1.0.30001488.tgz",
      "integrity": "sha512-NORIQuuL4xGpIy6iCCQGN4iFjlBXtfKWIenlUuyZJumLRIindLb7wXM+GO8erEhb7vXfcnf4BAg2PrSDN5TNLQ=="
    },
    "eslint-plugin-cypress": {
      "version": "2.13.3",
      "resolved": "https://registry.npmjs.org/eslint-plugin-cypress/-/eslint-plugin-cypress-2.13.3.tgz",
      "integrity": "sha512-nAPjZE5WopCsgJwl3vHm5iafpV+ZRO76Z9hMyRygWhmg5ODXDPd+9MaPl7kdJ2azj+sO87H3P1PRnggIrz848g==",
      "dev": true,
      "requires": {
        "globals": "^11.12.0"
      },
      "dependencies": {
        "globals": {
          "version": "11.12.0",
          "resolved": "https://registry.npmjs.org/globals/-/globals-11.12.0.tgz",
          "integrity": "sha512-WOBp/EEGUiIsJSp7wcv/y6MO+lV9UoncWqxuFfm8eBwzWNgyfBd6Gz+IeKQ9jCmyhoH99g15M3T+QaVHFjizVA==",
          "dev": true
        }
      }
    },
    "globals": {
      "version": "11.12.0",
      "resolved": "https://registry.npmjs.org/globals/-/globals-11.12.0.tgz",
      "integrity": "sha512-WOBp/EEGUiIsJSp7wcv/y6MO+lV9UoncWqxuFfm8eBwzWNgyfBd6Gz+IeKQ9jCmyhoH99g15M3T+QaVHFjizVA=="
    }
  }
}
